
Microsoft Visual Studio Solution File, Format Version 12.00
# Visual Studio 2013
VisualStudioVersion = 12.0.21005.1
MinimumVisualStudioVersion = 10.0.40219.1
Project("{FAE04EC0-301F-11D3-BF4B-00C04F79EFBC}") = "Client", "Client\Client.csproj", "{10814E0A-3901-4218-A466-E7660471CEE6}"
EndProject
Project("{FAE04EC0-301F-11D3-BF4B-00C04F79EFBC}") = "CommonTypes", "CommonTypes\CommonTypes.csproj", "{DDFD7B0B-AEC6-4ED4-BDD4-8CE212D28158}"
EndProject
Project("{FAE04EC0-301F-11D3-BF4B-00C04F79EFBC}") = "PuppetMaster", "PuppetMaster\PuppetMaster.csproj", "{2F269733-979E-4AD5-AB24-67CAD3A5DFA4}"
EndProject
Project("{FAE04EC0-301F-11D3-BF4B-00C04F79EFBC}") = "Worker_JobTracker", "Worker_JobTracker\Worker_JobTracker.csproj", "{C359F5EA-ECA4-4710-BDF9-1D4496C7A213}"
EndProject
Project("{FAE04EC0-301F-11D3-BF4B-00C04F79EFBC}") = "LibMapper", "ConsoleApplication1\LibMapper.csproj", "{5565408A-03A8-4737-8A06-CF7C8B4B1371}"
EndProject
Global
	GlobalSection(SolutionConfigurationPlatforms) = preSolution
		Debug|Any CPU = Debug|Any CPU
		Release|Any CPU = Release|Any CPU
	EndGlobalSection
	GlobalSection(ProjectConfigurationPlatforms) = postSolution
		{10814E0A-3901-4218-A466-E7660471CEE6}.Debug|Any CPU.ActiveCfg = Debug|Any CPU
		{10814E0A-3901-4218-A466-E7660471CEE6}.Debug|Any CPU.Build.0 = Debug|Any CPU
		{10814E0A-3901-4218-A466-E7660471CEE6}.Release|Any CPU.ActiveCfg = Release|Any CPU
		{10814E0A-3901-4218-A466-E7660471CEE6}.Release|Any CPU.Build.0 = Release|Any CPU
		{DDFD7B0B-AEC6-4ED4-BDD4-8CE212D28158}.Debug|Any CPU.ActiveCfg = Debug|Any CPU
		{DDFD7B0B-AEC6-4ED4-BDD4-8CE212D28158}.Debug|Any CPU.Build.0 = Debug|Any CPU
		{DDFD7B0B-AEC6-4ED4-BDD4-8CE212D28158}.Release|Any CPU.ActiveCfg = Release|Any CPU
		{DDFD7B0B-AEC6-4ED4-BDD4-8CE212D28158}.Release|Any CPU.Build.0 = Release|Any CPU
		{2F269733-979E-4AD5-AB24-67CAD3A5DFA4}.Debug|Any CPU.ActiveCfg = Debug|Any CPU
		{2F269733-979E-4AD5-AB24-67CAD3A5DFA4}.Debug|Any CPU.Build.0 = Debug|Any CPU
		{2F269733-979E-4AD5-AB24-67CAD3A5DFA4}.Release|Any CPU.ActiveCfg = Release|Any CPU
		{2F269733-979E-4AD5-AB24-67CAD3A5DFA4}.Release|Any CPU.Build.0 = Release|Any CPU
		{C359F5EA-ECA4-4710-BDF9-1D4496C7A213}.Debug|Any CPU.ActiveCfg = Debug|Any CPU
		{C359F5EA-ECA4-4710-BDF9-1D4496C7A213}.Debug|Any CPU.Build.0 = Debug|Any CPU
		{C359F5EA-ECA4-4710-BDF9-1D4496C7A213}.Release|Any CPU.ActiveCfg = Release|Any CPU
		{C359F5EA-ECA4-4710-BDF9-1D4496C7A213}.Release|Any CPU.Build.0 = Release|Any CPU
		{5565408A-03A8-4737-8A06-CF7C8B4B1371}.Debug|Any CPU.ActiveCfg = Debug|Any CPU
		{5565408A-03A8-4737-8A06-CF7C8B4B1371}.Debug|Any CPU.Build.0 = Debug|Any CPU
		{5565408A-03A8-4737-8A06-CF7C8B4B1371}.Release|Any CPU.ActiveCfg = Release|Any CPU
		{5565408A-03A8-4737-8A06-CF7C8B4B1371}.Release|Any CPU.Build.0 = Release|Any CPU
	EndGlobalSection
	GlobalSection(SolutionProperties) = preSolution
		HideSolutionNode = FALSE
	EndGlobalSection
EndGlobal
